
Microsoft Visual Studio Solution File, Format Version 12.00
# Visual Studio Version 17
VisualStudioVersion = 17.0.31903.59
MinimumVisualStudioVersion = 10.0.40219.1
Project("{FAE04EC0-301F-11D3-BF4B-00C04F79EFBC}") = "KinematikEuler", "KinematikEuler\KinematikEuler.csproj", "{C9DB3BF7-EBA9-4584-AF16-EC671480B150}"
EndProject
Project("{2150E333-8FDC-42A3-9474-1A3956D46DE8}") = "Tests", "Tests", "{0AB3BF05-4346-4AA6-1389-037BE0695223}"
EndProject
Project("{FAE04EC0-301F-11D3-BF4B-00C04F79EFBC}") = "KinematikTests", "Tests\KinematikTests.csproj", "{186C6062-2439-40E0-BB90-BB3D98D9C6C7}"
EndProject
Global
	GlobalSection(SolutionConfigurationPlatforms) = preSolution
		Debug|Any CPU = Debug|Any CPU
		Debug|x64 = Debug|x64
		Debug|x86 = Debug|x86
		Release|Any CPU = Release|Any CPU
		Release|x64 = Release|x64
		Release|x86 = Release|x86
	EndGlobalSection
	GlobalSection(ProjectConfigurationPlatforms) = postSolution
		{C9DB3BF7-EBA9-4584-AF16-EC671480B150}.Debug|Any CPU.ActiveCfg = Debug|Any CPU
		{C9DB3BF7-EBA9-4584-AF16-EC671480B150}.Debug|Any CPU.Build.0 = Debug|Any CPU
		{C9DB3BF7-EBA9-4584-AF16-EC671480B150}.Debug|x64.ActiveCfg = Debug|Any CPU
		{C9DB3BF7-EBA9-4584-AF16-EC671480B150}.Debug|x64.Build.0 = Debug|Any CPU
		{C9DB3BF7-EBA9-4584-AF16-EC671480B150}.Debug|x86.ActiveCfg = Debug|Any CPU
		{C9DB3BF7-EBA9-4584-AF16-EC671480B150}.Debug|x86.Build.0 = Debug|Any CPU
		{C9DB3BF7-EBA9-4584-AF16-EC671480B150}.Release|Any CPU.ActiveCfg = Release|Any CPU
		{C9DB3BF7-EBA9-4584-AF16-EC671480B150}.Release|Any CPU.Build.0 = Release|Any CPU
		{C9DB3BF7-EBA9-4584-AF16-EC671480B150}.Release|x64.ActiveCfg = Release|Any CPU
		{C9DB3BF7-EBA9-4584-AF16-EC671480B150}.Release|x64.Build.0 = Release|Any CPU
		{C9DB3BF7-EBA9-4584-AF16-EC671480B150}.Release|x86.ActiveCfg = Release|Any CPU
		{C9DB3BF7-EBA9-4584-AF16-EC671480B150}.Release|x86.Build.0 = Release|Any CPU
		{186C6062-2439-40E0-BB90-BB3D98D9C6C7}.Debug|Any CPU.ActiveCfg = Debug|Any CPU
		{186C6062-2439-40E0-BB90-BB3D98D9C6C7}.Debug|Any CPU.Build.0 = Debug|Any CPU
		{186C6062-2439-40E0-BB90-BB3D98D9C6C7}.Debug|x64.ActiveCfg = Debug|Any CPU
		{186C6062-2439-40E0-BB90-BB3D98D9C6C7}.Debug|x64.Build.0 = Debug|Any CPU
		{186C6062-2439-40E0-BB90-BB3D98D9C6C7}.Debug|x86.ActiveCfg = Debug|Any CPU
		{186C6062-2439-40E0-BB90-BB3D98D9C6C7}.Debug|x86.Build.0 = Debug|Any CPU
		{186C6062-2439-40E0-BB90-BB3D98D9C6C7}.Release|Any CPU.ActiveCfg = Release|Any CPU
		{186C6062-2439-40E0-BB90-BB3D98D9C6C7}.Release|Any CPU.Build.0 = Release|Any CPU
		{186C6062-2439-40E0-BB90-BB3D98D9C6C7}.Release|x64.ActiveCfg = Release|Any CPU
		{186C6062-2439-40E0-BB90-BB3D98D9C6C7}.Release|x64.Build.0 = Release|Any CPU
		{186C6062-2439-40E0-BB90-BB3D98D9C6C7}.Release|x86.ActiveCfg = Release|Any CPU
		{186C6062-2439-40E0-BB90-BB3D98D9C6C7}.Release|x86.Build.0 = Release|Any CPU
	EndGlobalSection
	GlobalSection(SolutionProperties) = preSolution
		HideSolutionNode = FALSE
	EndGlobalSection
	GlobalSection(NestedProjects) = preSolution
		{186C6062-2439-40E0-BB90-BB3D98D9C6C7} = {0AB3BF05-4346-4AA6-1389-037BE0695223}
	EndGlobalSection
EndGlobal
