
Microsoft Visual Studio Solution File, Format Version 12.00
# Visual Studio Version 17
VisualStudioVersion = 17.0.31903.59
MinimumVisualStudioVersion = 10.0.40219.1
Project("{FAE04EC0-301F-11D3-BF4B-00C04F79EFBC}") = "TrussFemSolver", "TrussFemSolver\TrussFemSolver.csproj", "{5C593AFA-8E19-450E-96CE-F06E6D7F6793}"
EndProject
Project("{FAE04EC0-301F-11D3-BF4B-00C04F79EFBC}") = "TrussFemSolver.Tests", "TrussFemSolver.Tests\TrussFemSolver.Tests.csproj", "{416610EB-DF18-4748-A0A8-0020FE9FBB5C}"
EndProject
Global
	GlobalSection(SolutionConfigurationPlatforms) = preSolution
		Debug|Any CPU = Debug|Any CPU
		Debug|x64 = Debug|x64
		Debug|x86 = Debug|x86
		Release|Any CPU = Release|Any CPU
		Release|x64 = Release|x64
		Release|x86 = Release|x86
	EndGlobalSection
	GlobalSection(ProjectConfigurationPlatforms) = postSolution
		{5C593AFA-8E19-450E-96CE-F06E6D7F6793}.Debug|Any CPU.ActiveCfg = Debug|Any CPU
		{5C593AFA-8E19-450E-96CE-F06E6D7F6793}.Debug|Any CPU.Build.0 = Debug|Any CPU
		{5C593AFA-8E19-450E-96CE-F06E6D7F6793}.Debug|x64.ActiveCfg = Debug|Any CPU
		{5C593AFA-8E19-450E-96CE-F06E6D7F6793}.Debug|x64.Build.0 = Debug|Any CPU
		{5C593AFA-8E19-450E-96CE-F06E6D7F6793}.Debug|x86.ActiveCfg = Debug|Any CPU
		{5C593AFA-8E19-450E-96CE-F06E6D7F6793}.Debug|x86.Build.0 = Debug|Any CPU
		{5C593AFA-8E19-450E-96CE-F06E6D7F6793}.Release|Any CPU.ActiveCfg = Release|Any CPU
		{5C593AFA-8E19-450E-96CE-F06E6D7F6793}.Release|Any CPU.Build.0 = Release|Any CPU
		{5C593AFA-8E19-450E-96CE-F06E6D7F6793}.Release|x64.ActiveCfg = Release|Any CPU
		{5C593AFA-8E19-450E-96CE-F06E6D7F6793}.Release|x64.Build.0 = Release|Any CPU
		{5C593AFA-8E19-450E-96CE-F06E6D7F6793}.Release|x86.ActiveCfg = Release|Any CPU
		{5C593AFA-8E19-450E-96CE-F06E6D7F6793}.Release|x86.Build.0 = Release|Any CPU
		{416610EB-DF18-4748-A0A8-0020FE9FBB5C}.Debug|Any CPU.ActiveCfg = Debug|Any CPU
		{416610EB-DF18-4748-A0A8-0020FE9FBB5C}.Debug|Any CPU.Build.0 = Debug|Any CPU
		{416610EB-DF18-4748-A0A8-0020FE9FBB5C}.Debug|x64.ActiveCfg = Debug|Any CPU
		{416610EB-DF18-4748-A0A8-0020FE9FBB5C}.Debug|x64.Build.0 = Debug|Any CPU
		{416610EB-DF18-4748-A0A8-0020FE9FBB5C}.Debug|x86.ActiveCfg = Debug|Any CPU
		{416610EB-DF18-4748-A0A8-0020FE9FBB5C}.Debug|x86.Build.0 = Debug|Any CPU
		{416610EB-DF18-4748-A0A8-0020FE9FBB5C}.Release|Any CPU.ActiveCfg = Release|Any CPU
		{416610EB-DF18-4748-A0A8-0020FE9FBB5C}.Release|Any CPU.Build.0 = Release|Any CPU
		{416610EB-DF18-4748-A0A8-0020FE9FBB5C}.Release|x64.ActiveCfg = Release|Any CPU
		{416610EB-DF18-4748-A0A8-0020FE9FBB5C}.Release|x64.Build.0 = Release|Any CPU
		{416610EB-DF18-4748-A0A8-0020FE9FBB5C}.Release|x86.ActiveCfg = Release|Any CPU
		{416610EB-DF18-4748-A0A8-0020FE9FBB5C}.Release|x86.Build.0 = Release|Any CPU
	EndGlobalSection
	GlobalSection(SolutionProperties) = preSolution
		HideSolutionNode = FALSE
	EndGlobalSection
EndGlobal
